
Microsoft Visual Studio Solution File, Format Version 12.00
# Visual Studio 15
VisualStudioVersion = 15.0.33026.149
MinimumVisualStudioVersion = 10.0.40219.1
Project("{FAE04EC0-301F-11D3-BF4B-00C04F79EFBC}") = "PelatihanASPNet_mvc_1", "PelatihanASPNet_mvc_1\PelatihanASPNet_mvc_1.csproj", "{E16C4A50-7E2C-4A63-9A2A-075019C3FEA4}"
EndProject
Global
	GlobalSection(SolutionConfigurationPlatforms) = preSolution
		Debug|Any CPU = Debug|Any CPU
		Release|Any CPU = Release|Any CPU
	EndGlobalSection
	GlobalSection(ProjectConfigurationPlatforms) = postSolution
		{E16C4A50-7E2C-4A63-9A2A-075019C3FEA4}.Debug|Any CPU.ActiveCfg = Debug|Any CPU
		{E16C4A50-7E2C-4A63-9A2A-075019C3FEA4}.Debug|Any CPU.Build.0 = Debug|Any CPU
		{E16C4A50-7E2C-4A63-9A2A-075019C3FEA4}.Release|Any CPU.ActiveCfg = Release|Any CPU
		{E16C4A50-7E2C-4A63-9A2A-075019C3FEA4}.Release|Any CPU.Build.0 = Release|Any CPU
	EndGlobalSection
	GlobalSection(SolutionProperties) = preSolution
		HideSolutionNode = FALSE
	EndGlobalSection
	GlobalSection(ExtensibilityGlobals) = postSolution
		SolutionGuid = {C8CCEA46-4A10-48B7-A56B-13C9E54EADF0}
	EndGlobalSection
EndGlobal
